
Microsoft Visual Studio Solution File, Format Version 12.00
# Visual Studio Version 16
VisualStudioVersion = 16.0.30011.22
MinimumVisualStudioVersion = 10.0.40219.1
Project("{FAE04EC0-301F-11D3-BF4B-00C04F79EFBC}") = "AzureSamples.WinApp", "AzureSamples.WinApp\AzureSamples.WinApp.csproj", "{E64E69E8-7AFA-4ADF-B1F3-A0C141D6777A}"
EndProject
Global
	GlobalSection(SolutionConfigurationPlatforms) = preSolution
		Debug|Any CPU = Debug|Any CPU
		Release|Any CPU = Release|Any CPU
	EndGlobalSection
	GlobalSection(ProjectConfigurationPlatforms) = postSolution
		{E64E69E8-7AFA-4ADF-B1F3-A0C141D6777A}.Debug|Any CPU.ActiveCfg = Debug|Any CPU
		{E64E69E8-7AFA-4ADF-B1F3-A0C141D6777A}.Debug|Any CPU.Build.0 = Debug|Any CPU
		{E64E69E8-7AFA-4ADF-B1F3-A0C141D6777A}.Release|Any CPU.ActiveCfg = Release|Any CPU
		{E64E69E8-7AFA-4ADF-B1F3-A0C141D6777A}.Release|Any CPU.Build.0 = Release|Any CPU
	EndGlobalSection
	GlobalSection(SolutionProperties) = preSolution
		HideSolutionNode = FALSE
	EndGlobalSection
	GlobalSection(ExtensibilityGlobals) = postSolution
		SolutionGuid = {26B3C184-E385-47D4-A0A1-059A2795F58C}
	EndGlobalSection
EndGlobal
