
Microsoft Visual Studio Solution File, Format Version 12.00
# Visual Studio Version 16
VisualStudioVersion = 16.0.31313.79
MinimumVisualStudioVersion = 10.0.40219.1
Project("{2150E333-8FDC-42A3-9474-1A3956D46DE8}") = "Source", "Source", "{7811B09D-74CA-4712-B484-59F68A5A6562}"
EndProject
Project("{2150E333-8FDC-42A3-9474-1A3956D46DE8}") = "ITOps", "ITOps", "{3E2E9E3E-AB79-470B-A054-2FEFE5E11DCE}"
EndProject
Project("{2150E333-8FDC-42A3-9474-1A3956D46DE8}") = "Services", "Services", "{C8044C78-B663-4CF0-BB50-F9353769F88E}"
EndProject
Project("{2150E333-8FDC-42A3-9474-1A3956D46DE8}") = "Hospital", "Hospital", "{7987596D-10F7-4D01-A7DF-6919B398ADD9}"
EndProject
Project("{00D1A9C2-B5F0-4AF3-8072-F6C62B433612}") = "MedsRUsDataStore", "Source\Services\Hospital\MedsRUsDataStore\MedsRUsDataStore.sqlproj", "{9D0C8034-B033-44DD-9688-18D1D96AE50F}"
EndProject
Project("{9A19103F-16F7-4668-BE54-9A1E7A4F7556}") = "HospitalService", "Source\Services\Hospital\HospitalService\HospitalService.csproj", "{CB2E2F99-DB65-4D98-BB5E-546EF1B0E7A5}"
EndProject
Project("{2150E333-8FDC-42A3-9474-1A3956D46DE8}") = "Pharmacy", "Pharmacy", "{BC92F5AC-2E64-47AC-97F4-AD494808B0C2}"
EndProject
Project("{9A19103F-16F7-4668-BE54-9A1E7A4F7556}") = "PharmacyService", "Source\Services\Pharmacy\PharmacyService\PharmacyService.csproj", "{B264BC41-D12E-436C-9046-3299EB00A75B}"
EndProject
Global
	GlobalSection(SolutionConfigurationPlatforms) = preSolution
		Debug|Any CPU = Debug|Any CPU
		Release|Any CPU = Release|Any CPU
	EndGlobalSection
	GlobalSection(ProjectConfigurationPlatforms) = postSolution
		{9D0C8034-B033-44DD-9688-18D1D96AE50F}.Debug|Any CPU.ActiveCfg = Debug|Any CPU
		{9D0C8034-B033-44DD-9688-18D1D96AE50F}.Debug|Any CPU.Build.0 = Debug|Any CPU
		{9D0C8034-B033-44DD-9688-18D1D96AE50F}.Debug|Any CPU.Deploy.0 = Debug|Any CPU
		{9D0C8034-B033-44DD-9688-18D1D96AE50F}.Release|Any CPU.ActiveCfg = Release|Any CPU
		{9D0C8034-B033-44DD-9688-18D1D96AE50F}.Release|Any CPU.Build.0 = Release|Any CPU
		{9D0C8034-B033-44DD-9688-18D1D96AE50F}.Release|Any CPU.Deploy.0 = Release|Any CPU
		{CB2E2F99-DB65-4D98-BB5E-546EF1B0E7A5}.Debug|Any CPU.ActiveCfg = Debug|Any CPU
		{CB2E2F99-DB65-4D98-BB5E-546EF1B0E7A5}.Debug|Any CPU.Build.0 = Debug|Any CPU
		{CB2E2F99-DB65-4D98-BB5E-546EF1B0E7A5}.Release|Any CPU.ActiveCfg = Release|Any CPU
		{CB2E2F99-DB65-4D98-BB5E-546EF1B0E7A5}.Release|Any CPU.Build.0 = Release|Any CPU
		{B264BC41-D12E-436C-9046-3299EB00A75B}.Debug|Any CPU.ActiveCfg = Debug|Any CPU
		{B264BC41-D12E-436C-9046-3299EB00A75B}.Debug|Any CPU.Build.0 = Debug|Any CPU
		{B264BC41-D12E-436C-9046-3299EB00A75B}.Release|Any CPU.ActiveCfg = Release|Any CPU
		{B264BC41-D12E-436C-9046-3299EB00A75B}.Release|Any CPU.Build.0 = Release|Any CPU
	EndGlobalSection
	GlobalSection(SolutionProperties) = preSolution
		HideSolutionNode = FALSE
	EndGlobalSection
	GlobalSection(NestedProjects) = preSolution
		{3E2E9E3E-AB79-470B-A054-2FEFE5E11DCE} = {7811B09D-74CA-4712-B484-59F68A5A6562}
		{C8044C78-B663-4CF0-BB50-F9353769F88E} = {7811B09D-74CA-4712-B484-59F68A5A6562}
		{7987596D-10F7-4D01-A7DF-6919B398ADD9} = {C8044C78-B663-4CF0-BB50-F9353769F88E}
		{9D0C8034-B033-44DD-9688-18D1D96AE50F} = {7987596D-10F7-4D01-A7DF-6919B398ADD9}
		{CB2E2F99-DB65-4D98-BB5E-546EF1B0E7A5} = {7987596D-10F7-4D01-A7DF-6919B398ADD9}
		{BC92F5AC-2E64-47AC-97F4-AD494808B0C2} = {C8044C78-B663-4CF0-BB50-F9353769F88E}
		{B264BC41-D12E-436C-9046-3299EB00A75B} = {BC92F5AC-2E64-47AC-97F4-AD494808B0C2}
	EndGlobalSection
	GlobalSection(ExtensibilityGlobals) = postSolution
		SolutionGuid = {1594D128-93BF-4A06-A520-67EE38F81E67}
	EndGlobalSection
EndGlobal
