
Microsoft Visual Studio Solution File, Format Version 12.00
# Visual Studio Version 16
VisualStudioVersion = 16.0.30011.22
MinimumVisualStudioVersion = 10.0.40219.1
Project("{FAE04EC0-301F-11D3-BF4B-00C04F79EFBC}") = "AzureSamples", "AzureSamples\AzureSamples.csproj", "{E3E741C1-1AD3-4D5B-A8C9-95ED09720ACC}"
EndProject
Global
	GlobalSection(SolutionConfigurationPlatforms) = preSolution
		Debug|Any CPU = Debug|Any CPU
		Release|Any CPU = Release|Any CPU
	EndGlobalSection
	GlobalSection(ProjectConfigurationPlatforms) = postSolution
		{E3E741C1-1AD3-4D5B-A8C9-95ED09720ACC}.Debug|Any CPU.ActiveCfg = Debug|Any CPU
		{E3E741C1-1AD3-4D5B-A8C9-95ED09720ACC}.Debug|Any CPU.Build.0 = Debug|Any CPU
		{E3E741C1-1AD3-4D5B-A8C9-95ED09720ACC}.Release|Any CPU.ActiveCfg = Release|Any CPU
		{E3E741C1-1AD3-4D5B-A8C9-95ED09720ACC}.Release|Any CPU.Build.0 = Release|Any CPU
	EndGlobalSection
	GlobalSection(SolutionProperties) = preSolution
		HideSolutionNode = FALSE
	EndGlobalSection
	GlobalSection(ExtensibilityGlobals) = postSolution
		SolutionGuid = {3129B179-2B36-4115-9A8D-C8A4F6877EC4}
	EndGlobalSection
EndGlobal
