
Microsoft Visual Studio Solution File, Format Version 12.00
# Visual Studio Version 16
VisualStudioVersion = 16.0.29209.62
MinimumVisualStudioVersion = 10.0.40219.1
Project("{FAE04EC0-301F-11D3-BF4B-00C04F79EFBC}") = "CosmosDbDemo", "CosmosDbDemo\CosmosDbDemo.csproj", "{6F6A9DD8-9C6F-444D-9431-B1D4931E3A72}"
EndProject
Global
	GlobalSection(SolutionConfigurationPlatforms) = preSolution
		Debug|Any CPU = Debug|Any CPU
		Release|Any CPU = Release|Any CPU
	EndGlobalSection
	GlobalSection(ProjectConfigurationPlatforms) = postSolution
		{6F6A9DD8-9C6F-444D-9431-B1D4931E3A72}.Debug|Any CPU.ActiveCfg = Debug|Any CPU
		{6F6A9DD8-9C6F-444D-9431-B1D4931E3A72}.Debug|Any CPU.Build.0 = Debug|Any CPU
		{6F6A9DD8-9C6F-444D-9431-B1D4931E3A72}.Release|Any CPU.ActiveCfg = Release|Any CPU
		{6F6A9DD8-9C6F-444D-9431-B1D4931E3A72}.Release|Any CPU.Build.0 = Release|Any CPU
	EndGlobalSection
	GlobalSection(SolutionProperties) = preSolution
		HideSolutionNode = FALSE
	EndGlobalSection
	GlobalSection(ExtensibilityGlobals) = postSolution
		SolutionGuid = {81360A54-8538-4350-A4C8-4837C06CC454}
	EndGlobalSection
EndGlobal
